// !$*UTF8*$!
{
	archiveVersion = 1;
	classes = {
	};
	objectVersion = 46;
	objects = {

/* Begin PBXBuildFile section */
		235A58E8218546FE00F697B3 /* AppDelegate.swift in Sources */ = {isa = PBXBuildFile; fileRef = 235A58E7218546FE00F697B3 /* AppDelegate.swift */; };
		235A58EA218546FE00F697B3 /* ViewController.swift in Sources */ = {isa = PBXBuildFile; fileRef = 235A58E9218546FE00F697B3 /* ViewController.swift */; };
		235A58ED218546FF00F697B3 /* Main.storyboard in Resources */ = {isa = PBXBuildFile; fileRef = 235A58EB218546FF00F697B3 /* Main.storyboard */; };
		235A58EF218546FF00F697B3 /* Assets.xcassets in Resources */ = {isa = PBXBuildFile; fileRef = 235A58EE218546FF00F697B3 /* Assets.xcassets */; };
		235A58F2218546FF00F697B3 /* LaunchScreen.storyboard in Resources */ = {isa = PBXBuildFile; fileRef = 235A58F0218546FF00F697B3 /* LaunchScreen.storyboard */; };
/* End PBXBuildFile section */

/* Begin PBXFileReference section */
		235A58E4218546FD00F697B3 /* AplicacionMarco.app */ = {isa = PBXFileReference; explicitFileType = wrapper.application; includeInIndex = 0; path = AplicacionMarco.app; sourceTree = BUILT_PRODUCTS_DIR; };
		235A58E7218546FE00F697B3 /* AppDelegate.swift */ = {isa = PBXFileReference; lastKnownFileType = sourcecode.swift; path = AppDelegate.swift; sourceTree = "<group>"; };
		235A58E9218546FE00F697B3 /* ViewController.swift */ = {isa = PBXFileReference; lastKnownFileType = sourcecode.swift; path = ViewController.swift; sourceTree = "<group>"; };
		235A58EC218546FF00F697B3 /* Base */ = {isa = PBXFileReference; lastKnownFileType = file.storyboard; name = Base; path = Base.lproj/Main.storyboard; sourceTree = "<group>"; };
		235A58EE218546FF00F697B3 /* Assets.xcassets */ = {isa = PBXFileReference; lastKnownFileType = folder.assetcatalog; path = Assets.xcassets; sourceTree = "<group>"; };
		235A58F1218546FF00F697B3 /* Base */ = {isa = PBXFileReference; lastKnownFileType = file.storyboard; name = Base; path = Base.lproj/LaunchScreen.storyboard; sourceTree = "<group>"; };
		235A58F3218546FF00F697B3 /* Info.plist */ = {isa = PBXFileReference; lastKnownFileType = text.plist.xml; path = Info.plist; sourceTree = "<group>"; };
/* End PBXFileReference section */

/* Begin PBXFrameworksBuildPhase section */
		235A58E1218546FD00F697B3 /* Frameworks */ = {
			isa = PBXFrameworksBuildPhase;
			buildActionMask = 2147483647;
			files = (
			);
			runOnlyForDeploymentPostprocessing = 0;
		};
/* End PBXFrameworksBuildPhase section */

/* Begin PBXGroup section */
		235A58DB218546FC00F697B3 = {
			isa = PBXGroup;
			children = (
				235A58E6218546FD00F697B3 /* AplicacionMarco */,
				235A58E5218546FD00F697B3 /* Products */,
			);
			sourceTree = "<group>";
		};
		235A58E5218546FD00F697B3 /* Products */ = {
			isa = PBXGroup;
			children = (
				235A58E4218546FD00F697B3 /* AplicacionMarco.app */,
			);
			name = Products;
			sourceTree = "<group>";
		};
		235A58E6218546FD00F697B3 /* AplicacionMarco */ = {
			isa = PBXGroup;
			children = (
				235A58E7218546FE00F697B3 /* AppDelegate.swift */,
				235A58E9218546FE00F697B3 /* ViewController.swift */,
				235A58EB218546FF00F697B3 /* Main.storyboard */,
				235A58EE218546FF00F697B3 /* Assets.xcassets */,
				235A58F0218546FF00F697B3 /* LaunchScreen.storyboard */,
				235A58F3218546FF00F697B3 /* Info.plist */,
			);
			path = AplicacionMarco;
			sourceTree = "<group>";
		};
/* End PBXGroup section */

/* Begin PBXNativeTarget section */
		235A58E3218546FD00F697B3 /* AplicacionMarco */ = {
			isa = PBXNativeTarget;
			buildConfigurationList = 235A58F6218546FF00F697B3 /* Build configuration list for PBXNativeTarget "AplicacionMarco" */;
			buildPhases = (
				235A58E0218546FD00F697B3 /* Sources */,
				235A58E1218546FD00F697B3 /* Frameworks */,
				235A58E2218546FD00F697B3 /* Resources */,
			);
			buildRules = (
			);
			dependencies = (
			);
			name = AplicacionMarco;
			productName = AplicacionMarco;
			productReference = 235A58E4218546FD00F697B3 /* AplicacionMarco.app */;
			productType = "com.apple.product-type.application";
		};
/* End PBXNativeTarget section */

/* Begin PBXProject section */
		235A58DC218546FC00F697B3 /* Project object */ = {
			isa = PBXProject;
			attributes = {
				LastSwiftUpdateCheck = 0830;
				LastUpgradeCheck = 0830;
				ORGANIZATIONNAME = "msz.icm@gmail.com";
				TargetAttributes = {
					235A58E3218546FD00F697B3 = {
						CreatedOnToolsVersion = 8.3.2;
						ProvisioningStyle = Automatic;
					};
				};
			};
			buildConfigurationList = 235A58DF218546FC00F697B3 /* Build configuration list for PBXProject "AplicacionMarco" */;
			compatibilityVersion = "Xcode 3.2";
			developmentRegion = English;
			hasScannedForEncodings = 0;
			knownRegions = (
				en,
				Base,
			);
			mainGroup = 235A58DB218546FC00F697B3;
			productRefGroup = 235A58E5218546FD00F697B3 /* Products */;
			projectDirPath = "";
			projectRoot = "";
			targets = (
				235A58E3218546FD00F697B3 /* AplicacionMarco */,
			);
		};
/* End PBXProject section */

/* Begin PBXResourcesBuildPhase section */
		235A58E2218546FD00F697B3 /* Resources */ = {
			isa = PBXResourcesBuildPhase;
			buildActionMask = 2147483647;
			files = (
				235A58F2218546FF00F697B3 /* LaunchScreen.storyboard in Resources */,
				235A58EF218546FF00F697B3 /* Assets.xcassets in Resources */,
				235A58ED218546FF00F697B3 /* Main.storyboard in Resources */,
			);
			runOnlyForDeploymentPostprocessing = 0;
		};
/* End PBXResourcesBuildPhase section */

/* Begin PBXSourcesBuildPhase section */
		235A58E0218546FD00F697B3 /* Sources */ = {
			isa = PBXSourcesBuildPhase;
			buildActionMask = 2147483647;
			files = (
				235A58EA218546FE00F697B3 /* ViewController.swift in Sources */,
				235A58E8218546FE00F697B3 /* AppDelegate.swift in Sources */,
			);
			runOnlyForDeploymentPostprocessing = 0;
		};
/* End PBXSourcesBuildPhase section */

/* Begin PBXVariantGroup section */
		235A58EB218546FF00F697B3 /* Main.storyboard */ = {
			isa = PBXVariantGroup;
			children = (
				235A58EC218546FF00F697B3 /* Base */,
			);
			name = Main.storyboard;
			sourceTree = "<group>";
		};
		235A58F0218546FF00F697B3 /* LaunchScreen.storyboard */ = {
			isa = PBXVariantGroup;
			children = (
				235A58F1218546FF00F697B3 /* Base */,
			);
			name = LaunchScreen.storyboard;
			sourceTree = "<group>";
		};
/* End PBXVariantGroup section */

/* Begin XCBuildConfiguration section */
		235A58F4218546FF00F697B3 /* Debug */ = {
			isa = XCBuildConfiguration;
			buildSettings = {
				ALWAYS_SEARCH_USER_PATHS = NO;
				CLANG_ANALYZER_NONNULL = YES;
				CLANG_ANALYZER_NUMBER_OBJECT_CONVERSION = YES_AGGRESSIVE;
				CLANG_CXX_LANGUAGE_STANDARD = "gnu++0x";
				CLANG_CXX_LIBRARY = "libc++";
				CLANG_ENABLE_MODULES = YES;
				CLANG_ENABLE_OBJC_ARC = YES;
				CLANG_WARN_BOOL_CONVERSION = YES;
				CLANG_WARN_CONSTANT_CONVERSION = YES;
				CLANG_WARN_DIRECT_OBJC_ISA_USAGE = YES_ERROR;
				CLANG_WARN_DOCUMENTATION_COMMENTS = YES;
				CLANG_WARN_EMPTY_BODY = YES;
				CLANG_WARN_ENUM_CONVERSION = YES;
				CLANG_WARN_INFINITE_RECURSION = YES;
				CLANG_WARN_INT_CONVERSION = YES;
				CLANG_WARN_OBJC_ROOT_CLASS = YES_ERROR;
				CLANG_WARN_SUSPICIOUS_MOVE = YES;
				CLANG_WARN_UNREACHABLE_CODE = YES;
				CLANG_WARN__DUPLICATE_METHOD_MATCH = YES;
				"CODE_SIGN_IDENTITY[sdk=iphoneos*]" = "iPhone Developer";
				COPY_PHASE_STRIP = NO;
				DEBUG_INFORMATION_FORMAT = dwarf;
				ENABLE_STRICT_OBJC_MSGSEND = YES;
				ENABLE_TESTABILITY = YES;
				GCC_C_LANGUAGE_STANDARD = gnu99;
				GCC_DYNAMIC_NO_PIC = NO;
				GCC_NO_COMMON_BLOCKS = YES;
				GCC_OPTIMIZATION_LEVEL = 0;
				GCC_PREPROCESSOR_DEFINITIONS = (
					"DEBUG=1",
					"$(inherited)",
				);
				GCC_WARN_64_TO_32_BIT_CONVERSION = YES;
				GCC_WARN_ABOUT_RETURN_TYPE = YES_ERROR;
				GCC_WARN_UNDECLARED_SELECTOR = YES;
				GCC_WARN_UNINITIALIZED_AUTOS = YES_AGGRESSIVE;
				GCC_WARN_UNUSED_FUNCTION = YES;
				GCC_WARN_UNUSED_VARIABLE = YES;
				IPHONEOS_DEPLOYMENT_TARGET = 10.3;
				MTL_ENABLE_DEBUG_INFO = YES;
				ONLY_ACTIVE_ARCH = YES;
				SDKROOT = iphoneos;
				SWIFT_ACTIVE_COMPILATION_CONDITIONS = DEBUG;
				SWIFT_OPTIMIZATION_LEVEL = "-Onone";
				TARGETED_DEVICE_FAMILY = "1,2";
			};
			name = Debug;
		};
		235A58F5218546FF00F697B3 /* Release */ = {
			isa = XCBuildConfiguration;
			buildSettings = {
				ALWAYS_SEARCH_USER_PATHS = NO;
				CLANG_ANALYZER_NONNULL = YES;
				CLANG_ANALYZER_NUMBER_OBJECT_CONVERSION = YES_AGGRESSIVE;
				CLANG_CXX_LANGUAGE_STANDARD = "gnu++0x";
				CLANG_CXX_LIBRARY = "libc++";
				CLANG_ENABLE_MODULES = YES;
				CLANG_ENABLE_OBJC_ARC = YES;
				CLANG_WARN_BOOL_CONVERSION = YES;
				CLANG_WARN_CONSTANT_CONVERSION = YES;
				CLANG_WARN_DIRECT_OBJC_ISA_USAGE = YES_ERROR;
				CLANG_WARN_DOCUMENTATION_COMMENTS = YES;
				CLANG_WARN_EMPTY_BODY = YES;
				CLANG_WARN_ENUM_CONVERSION = YES;
				CLANG_WARN_INFINITE_RECURSION = YES;
				CLANG_WARN_INT_CONVERSION = YES;
				CLANG_WARN_OBJC_ROOT_CLASS = YES_ERROR;
				CLANG_WARN_SUSPICIOUS_MOVE = YES;
				CLANG_WARN_UNREACHABLE_CODE = YES;
				CLANG_WARN__DUPLICATE_METHOD_MATCH = YES;
				"CODE_SIGN_IDENTITY[sdk=iphoneos*]" = "iPhone Developer";
				COPY_PHASE_STRIP = NO;
				DEBUG_INFORMATION_FORMAT = "dwarf-with-dsym";
				ENABLE_NS_ASSERTIONS = NO;
				ENABLE_STRICT_OBJC_MSGSEND = YES;
				GCC_C_LANGUAGE_STANDARD = gnu99;
				GCC_NO_COMMON_BLOCKS = YES;
				GCC_WARN_64_TO_32_BIT_CONVERSION = YES;
				GCC_WARN_ABOUT_RETURN_TYPE = YES_ERROR;
				GCC_WARN_UNDECLARED_SELECTOR = YES;
				GCC_WARN_UNINITIALIZED_AUTOS = YES_AGGRESSIVE;
				GCC_WARN_UNUSED_FUNCTION = YES;
				GCC_WARN_UNUSED_VARIABLE = YES;
				IPHONEOS_DEPLOYMENT_TARGET = 10.3;
				MTL_ENABLE_DEBUG_INFO = NO;
				SDKROOT = iphoneos;
				SWIFT_OPTIMIZATION_LEVEL = "-Owholemodule";
				TARGETED_DEVICE_FAMILY = "1,2";
				VALIDATE_PRODUCT = YES;
			};
			name = Release;
		};
		235A58F7218546FF00F697B3 /* Debug */ = {
			isa = XCBuildConfiguration;
			buildSettings = {
				ASSETCATALOG_COMPILER_APPICON_NAME = AppIcon;
				INFOPLIST_FILE = AplicacionMarco/Info.plist;
				LD_RUNPATH_SEARCH_PATHS = "$(inherited) @executable_path/Frameworks";
				PRODUCT_BUNDLE_IDENTIFIER = pruebaapliacion.AplicacionMarco;
				PRODUCT_NAME = "$(TARGET_NAME)";
				SWIFT_VERSION = 3.0;
			};
			name = Debug;
		};
		235A58F8218546FF00F697B3 /* Release */ = {
			isa = XCBuildConfiguration;
			buildSettings = {
				ASSETCATALOG_COMPILER_APPICON_NAME = AppIcon;
				INFOPLIST_FILE = AplicacionMarco/Info.plist;
				LD_RUNPATH_SEARCH_PATHS = "$(inherited) @executable_path/Frameworks";
				PRODUCT_BUNDLE_IDENTIFIER = pruebaapliacion.AplicacionMarco;
				PRODUCT_NAME = "$(TARGET_NAME)";
				SWIFT_VERSION = 3.0;
			};
			name = Release;
		};
/* End XCBuildConfiguration section */

/* Begin XCConfigurationList section */
		235A58DF218546FC00F697B3 /* Build configuration list for PBXProject "AplicacionMarco" */ = {
			isa = XCConfigurationList;
			buildConfigurations = (
				235A58F4218546FF00F697B3 /* Debug */,
				235A58F5218546FF00F697B3 /* Release */,
			);
			defaultConfigurationIsVisible = 0;
			defaultConfigurationName = Release;
		};
		235A58F6218546FF00F697B3 /* Build configuration list for PBXNativeTarget "AplicacionMarco" */ = {
			isa = XCConfigurationList;
			buildConfigurations = (
				235A58F7218546FF00F697B3 /* Debug */,
				235A58F8218546FF00F697B3 /* Release */,
			);
			defaultConfigurationIsVisible = 0;
		};
/* End XCConfigurationList section */
	};
	rootObject = 235A58DC218546FC00F697B3 /* Project object */;
}
